PODS:
  - GruveoSDK (1.4):
    - GruveoWebRTC (~> 1.65.25.2)
  - GruveoWebRTC (1.65.25.2)

DEPENDENCIES:
  - GruveoSDK

SPEC REPOS:
  https://github.com/cocoapods/specs.git:
    - GruveoSDK
    - GruveoWebRTC

SPEC CHECKSUMS:
  GruveoSDK: d46b93ad50411f5bd955cec0bb5242fbcc910289
  GruveoWebRTC: 588718919dead4762a3b5cce8c37f6032d64157a

PODFILE CHECKSUM: 6a8dbad501ed8e3961d9dddec7933740034c9d0d

COCOAPODS: 1.6.1
